
Microsoft Visual Studio Solution File, Format Version 12.00
# Visual Studio Version 17
VisualStudioVersion = 17.11.35222.181
MinimumVisualStudioVersion = 10.0.40219.1
Project("{FAE04EC0-301F-11D3-BF4B-00C04F79EFBC}") = "WebApplication", "WebApplication\WebApplication.csproj", "{C8AC8752-C20C-4F9B-BA27-1B092534018D}"
EndProject
Global
	GlobalSection(SolutionConfigurationPlatforms) = preSolution
		Debug|Any CPU = Debug|Any CPU
		Release|Any CPU = Release|Any CPU
	EndGlobalSection
	GlobalSection(ProjectConfigurationPlatforms) = postSolution
		{C8AC8752-C20C-4F9B-BA27-1B092534018D}.Debug|Any CPU.ActiveCfg = Debug|Any CPU
		{C8AC8752-C20C-4F9B-BA27-1B092534018D}.Debug|Any CPU.Build.0 = Debug|Any CPU
		{C8AC8752-C20C-4F9B-BA27-1B092534018D}.Release|Any CPU.ActiveCfg = Release|Any CPU
		{C8AC8752-C20C-4F9B-BA27-1B092534018D}.Release|Any CPU.Build.0 = Release|Any CPU
	EndGlobalSection
	GlobalSection(SolutionProperties) = preSolution
		HideSolutionNode = FALSE
	EndGlobalSection
	GlobalSection(ExtensibilityGlobals) = postSolution
		SolutionGuid = {C569BFB4-9F84-414C-9020-DED9D39088FA}
	EndGlobalSection
EndGlobal
